
Microsoft Visual Studio Solution File, Format Version 12.00
Project("{FAE04EC0-301F-11D3-BF4B-00C04F79EFBC}") = "Labs.Core", "Labs.Core\Labs.Core.csproj", "{00993F81-E24D-44AB-8A31-E34BC546771C}"
EndProject
Global
	GlobalSection(SolutionConfigurationPlatforms) = preSolution
		Debug|Any CPU = Debug|Any CPU
		Release|Any CPU = Release|Any CPU
	EndGlobalSection
	GlobalSection(ProjectConfigurationPlatforms) = postSolution
		{00993F81-E24D-44AB-8A31-E34BC546771C}.Debug|Any CPU.ActiveCfg = Debug|Any CPU
		{00993F81-E24D-44AB-8A31-E34BC546771C}.Debug|Any CPU.Build.0 = Debug|Any CPU
		{00993F81-E24D-44AB-8A31-E34BC546771C}.Release|Any CPU.ActiveCfg = Release|Any CPU
		{00993F81-E24D-44AB-8A31-E34BC546771C}.Release|Any CPU.Build.0 = Release|Any CPU
	EndGlobalSection
EndGlobal
