
Microsoft Visual Studio Solution File, Format Version 12.00
# Visual Studio Version 17
VisualStudioVersion = 17.4.33122.133
MinimumVisualStudioVersion = 10.0.40219.1
Project("{9A19103F-16F7-4668-BE54-9A1E7A4F7556}") = "Labs.Core", "Labs.Core\Labs.Core.csproj", "{00993F81-E24D-44AB-8A31-E34BC546771C}"
EndProject
Project("{9A19103F-16F7-4668-BE54-9A1E7A4F7556}") = "Lab1", "Lab1\Lab1.csproj", "{1F96EC3A-1E21-41D3-A4E0-324C70283D6B}"
EndProject
Project("{9A19103F-16F7-4668-BE54-9A1E7A4F7556}") = "Lab2", "Lab2\Lab2.csproj", "{314C07F5-A75D-4F9E-970A-47AB217E570C}"
EndProject
Project("{FAE04EC0-301F-11D3-BF4B-00C04F79EFBC}") = "Lab4", "Lab4\Lab4.csproj", "{9F4A6D94-8A15-496B-99E8-9CAE3E2BC4EC}"
EndProject
Global
	GlobalSection(SolutionConfigurationPlatforms) = preSolution
		Debug|Any CPU = Debug|Any CPU
		Release|Any CPU = Release|Any CPU
	EndGlobalSection
	GlobalSection(ProjectConfigurationPlatforms) = postSolution
		{00993F81-E24D-44AB-8A31-E34BC546771C}.Debug|Any CPU.ActiveCfg = Debug|Any CPU
		{00993F81-E24D-44AB-8A31-E34BC546771C}.Debug|Any CPU.Build.0 = Debug|Any CPU
		{00993F81-E24D-44AB-8A31-E34BC546771C}.Release|Any CPU.ActiveCfg = Release|Any CPU
		{00993F81-E24D-44AB-8A31-E34BC546771C}.Release|Any CPU.Build.0 = Release|Any CPU
		{1F96EC3A-1E21-41D3-A4E0-324C70283D6B}.Debug|Any CPU.ActiveCfg = Debug|Any CPU
		{1F96EC3A-1E21-41D3-A4E0-324C70283D6B}.Debug|Any CPU.Build.0 = Debug|Any CPU
		{1F96EC3A-1E21-41D3-A4E0-324C70283D6B}.Release|Any CPU.ActiveCfg = Release|Any CPU
		{1F96EC3A-1E21-41D3-A4E0-324C70283D6B}.Release|Any CPU.Build.0 = Release|Any CPU
		{314C07F5-A75D-4F9E-970A-47AB217E570C}.Debug|Any CPU.ActiveCfg = Debug|Any CPU
		{314C07F5-A75D-4F9E-970A-47AB217E570C}.Debug|Any CPU.Build.0 = Debug|Any CPU
		{314C07F5-A75D-4F9E-970A-47AB217E570C}.Release|Any CPU.ActiveCfg = Release|Any CPU
		{314C07F5-A75D-4F9E-970A-47AB217E570C}.Release|Any CPU.Build.0 = Release|Any CPU
		{9F4A6D94-8A15-496B-99E8-9CAE3E2BC4EC}.Debug|Any CPU.ActiveCfg = Debug|Any CPU
		{9F4A6D94-8A15-496B-99E8-9CAE3E2BC4EC}.Debug|Any CPU.Build.0 = Debug|Any CPU
		{9F4A6D94-8A15-496B-99E8-9CAE3E2BC4EC}.Release|Any CPU.ActiveCfg = Release|Any CPU
		{9F4A6D94-8A15-496B-99E8-9CAE3E2BC4EC}.Release|Any CPU.Build.0 = Release|Any CPU
	EndGlobalSection
	GlobalSection(SolutionProperties) = preSolution
		HideSolutionNode = FALSE
	EndGlobalSection
	GlobalSection(ExtensibilityGlobals) = postSolution
		SolutionGuid = {AB3C4834-2128-46E6-A555-F743C79E5EC8}
	EndGlobalSection
EndGlobal
