
Microsoft Visual Studio Solution File, Format Version 12.00
# Visual Studio Version 17
VisualStudioVersion = 17.4.33122.133
MinimumVisualStudioVersion = 10.0.40219.1
Project("{FAE04EC0-301F-11D3-BF4B-00C04F79EFBC}") = "Lab4", "Лабораторная№1\Lab4.csproj", "{9F4A6D94-8A15-496B-99E8-9CAE3E2BC4EC}"
EndProject
Global
	GlobalSection(SolutionConfigurationPlatforms) = preSolution
		Debug|Any CPU = Debug|Any CPU
		Release|Any CPU = Release|Any CPU
	EndGlobalSection
	GlobalSection(ProjectConfigurationPlatforms) = postSolution
		{9F4A6D94-8A15-496B-99E8-9CAE3E2BC4EC}.Debug|Any CPU.ActiveCfg = Debug|Any CPU
		{9F4A6D94-8A15-496B-99E8-9CAE3E2BC4EC}.Debug|Any CPU.Build.0 = Debug|Any CPU
		{9F4A6D94-8A15-496B-99E8-9CAE3E2BC4EC}.Release|Any CPU.ActiveCfg = Release|Any CPU
		{9F4A6D94-8A15-496B-99E8-9CAE3E2BC4EC}.Release|Any CPU.Build.0 = Release|Any CPU
	EndGlobalSection
	GlobalSection(SolutionProperties) = preSolution
		HideSolutionNode = FALSE
	EndGlobalSection
	GlobalSection(ExtensibilityGlobals) = postSolution
		SolutionGuid = {E5D9DBED-45B4-410F-BC85-504A4FEB82CE}
	EndGlobalSection
EndGlobal
